// !$*UTF8*$!
{
	archiveVersion = 1;
	classes = {
	};
	objectVersion = 46;
	objects = {

/* Begin PBXBuildFile section */
		481722721E6EADB400184149 /* main.m in Sources */ = {isa = PBXBuildFile; fileRef = 481722711E6EADB400184149 /* main.m */; };
		481722751E6EADB400184149 /* AppDelegate.m in Sources */ = {isa = PBXBuildFile; fileRef = 481722741E6EADB400184149 /* AppDelegate.m */; };
		481722781E6EADB400184149 /* MasterViewController.m in Sources */ = {isa = PBXBuildFile; fileRef = 481722771E6EADB400184149 /* MasterViewController.m */; };
		4817227B1E6EADB400184149 /* DetailViewController.m in Sources */ = {isa = PBXBuildFile; fileRef = 4817227A1E6EADB400184149 /* DetailViewController.m */; };
		4817227E1E6EADB400184149 /* Main.storyboard in Resources */ = {isa = PBXBuildFile; fileRef = 4817227C1E6EADB400184149 /* Main.storyboard */; };
		481722801E6EADB400184149 /* Assets.xcassets in Resources */ = {isa = PBXBuildFile; fileRef = 4817227F1E6EADB400184149 /* Assets.xcassets */; };
		481722831E6EADB400184149 /* LaunchScreen.storyboard in Resources */ = {isa = PBXBuildFile; fileRef = 481722811E6EADB400184149 /* LaunchScreen.storyboard */; };
		4817228D1E6EADDB00184149 /* LYSLoadingImageView.m in Sources */ = {isa = PBXBuildFile; fileRef = 4817228C1E6EADDB00184149 /* LYSLoadingImageView.m */; };
		481722AC1E6EB7B300184149 /* NSData+ImageContentType.m in Sources */ = {isa = PBXBuildFile; fileRef = 481722901E6EB7B300184149 /* NSData+ImageContentType.m */; };
		481722AD1E6EB7B300184149 /* SDImageCache.m in Sources */ = {isa = PBXBuildFile; fileRef = 481722921E6EB7B300184149 /* SDImageCache.m */; };
		481722AE1E6EB7B300184149 /* SDWebImageCompat.m in Sources */ = {isa = PBXBuildFile; fileRef = 481722941E6EB7B300184149 /* SDWebImageCompat.m */; };
		481722AF1E6EB7B300184149 /* SDWebImageDecoder.m in Sources */ = {isa = PBXBuildFile; fileRef = 481722961E6EB7B300184149 /* SDWebImageDecoder.m */; };
		481722B01E6EB7B300184149 /* SDWebImageDownloader.m in Sources */ = {isa = PBXBuildFile; fileRef = 481722981E6EB7B300184149 /* SDWebImageDownloader.m */; };
		481722B11E6EB7B300184149 /* SDWebImageDownloaderOperation.m in Sources */ = {isa = PBXBuildFile; fileRef = 4817229A1E6EB7B300184149 /* SDWebImageDownloaderOperation.m */; };
		481722B21E6EB7B300184149 /* SDWebImageManager.m in Sources */ = {isa = PBXBuildFile; fileRef = 4817229C1E6EB7B300184149 /* SDWebImageManager.m */; };
		481722B31E6EB7B300184149 /* SDWebImagePrefetcher.m in Sources */ = {isa = PBXBuildFile; fileRef = 4817229F1E6EB7B300184149 /* SDWebImagePrefetcher.m */; };
		481722B41E6EB7B300184149 /* UIButton+WebCache.m in Sources */ = {isa = PBXBuildFile; fileRef = 481722A11E6EB7B300184149 /* UIButton+WebCache.m */; };
		481722B51E6EB7B300184149 /* UIImage+GIF.m in Sources */ = {isa = PBXBuildFile; fileRef = 481722A31E6EB7B300184149 /* UIImage+GIF.m */; };
		481722B61E6EB7B300184149 /* UIImage+MultiFormat.m in Sources */ = {isa = PBXBuildFile; fileRef = 481722A51E6EB7B300184149 /* UIImage+MultiFormat.m */; };
		481722B71E6EB7B300184149 /* UIImageView+HighlightedWebCache.m in Sources */ = {isa = PBXBuildFile; fileRef = 481722A71E6EB7B300184149 /* UIImageView+HighlightedWebCache.m */; };
		481722B81E6EB7B300184149 /* UIImageView+WebCache.m in Sources */ = {isa = PBXBuildFile; fileRef = 481722A91E6EB7B300184149 /* UIImageView+WebCache.m */; };
		481722B91E6EB7B300184149 /* UIView+WebCacheOperation.m in Sources */ = {isa = PBXBuildFile; fileRef = 481722AB1E6EB7B300184149 /* UIView+WebCacheOperation.m */; };
/* End PBXBuildFile section */

/* Begin PBXFileReference section */
		4817226D1E6EADB400184149 /* LYSLoadingImageView.app */ = {isa = PBXFileReference; explicitFileType = wrapper.application; includeInIndex = 0; path = LYSLoadingImageView.app; sourceTree = BUILT_PRODUCTS_DIR; };
		481722711E6EADB400184149 /* main.m */ = {isa = PBXFileReference; lastKnownFileType = sourcecode.c.objc; path = main.m; sourceTree = "<group>"; };
		481722731E6EADB400184149 /* AppDelegate.h */ = {isa = PBXFileReference; lastKnownFileType = sourcecode.c.h; path = AppDelegate.h; sourceTree = "<group>"; };
		481722741E6EADB400184149 /* AppDelegate.m */ = {isa = PBXFileReference; lastKnownFileType = sourcecode.c.objc; path = AppDelegate.m; sourceTree = "<group>"; };
		481722761E6EADB400184149 /* MasterViewController.h */ = {isa = PBXFileReference; lastKnownFileType = sourcecode.c.h; path = MasterViewController.h; sourceTree = "<group>"; };
		481722771E6EADB400184149 /* MasterViewController.m */ = {isa = PBXFileReference; lastKnownFileType = sourcecode.c.objc; path = MasterViewController.m; sourceTree = "<group>"; };
		481722791E6EADB400184149 /* DetailViewController.h */ = {isa = PBXFileReference; lastKnownFileType = sourcecode.c.h; path = DetailViewController.h; sourceTree = "<group>"; };
		4817227A1E6EADB400184149 /* DetailViewController.m */ = {isa = PBXFileReference; lastKnownFileType = sourcecode.c.objc; path = DetailViewController.m; sourceTree = "<group>"; };
		4817227D1E6EADB400184149 /* Base */ = {isa = PBXFileReference; lastKnownFileType = file.storyboard; name = Base; path = Base.lproj/Main.storyboard; sourceTree = "<group>"; };
		4817227F1E6EADB400184149 /* Assets.xcassets */ = {isa = PBXFileReference; lastKnownFileType = folder.assetcatalog; path = Assets.xcassets; sourceTree = "<group>"; };
		481722821E6EADB400184149 /* Base */ = {isa = PBXFileReference; lastKnownFileType = file.storyboard; name = Base; path = Base.lproj/LaunchScreen.storyboard; sourceTree = "<group>"; };
		481722841E6EADB400184149 /* Info.plist */ = {isa = PBXFileReference; lastKnownFileType = text.plist.xml; path = Info.plist; sourceTree = "<group>"; };
		4817228B1E6EADDB00184149 /* LYSLoadingImageView.h */ = {isa = PBXFileReference; fileEncoding = 4; lastKnownFileType = sourcecode.c.h; path = LYSLoadingImageView.h; sourceTree = "<group>"; };
		4817228C1E6EADDB00184149 /* LYSLoadingImageView.m */ = {isa = PBXFileReference; fileEncoding = 4; lastKnownFileType = sourcecode.c.objc; path = LYSLoadingImageView.m; sourceTree = "<group>"; };
		4817228F1E6EB7B300184149 /* NSData+ImageContentType.h */ = {isa = PBXFileReference; fileEncoding = 4; lastKnownFileType = sourcecode.c.h; path = "NSData+ImageContentType.h"; sourceTree = "<group>"; };
		481722901E6EB7B300184149 /* NSData+ImageContentType.m */ = {isa = PBXFileReference; fileEncoding = 4; lastKnownFileType = sourcecode.c.objc; path = "NSData+ImageContentType.m"; sourceTree = "<group>"; };
		481722911E6EB7B300184149 /* SDImageCache.h */ = {isa = PBXFileReference; fileEncoding = 4; lastKnownFileType = sourcecode.c.h; path = SDImageCache.h; sourceTree = "<group>"; };
		481722921E6EB7B300184149 /* SDImageCache.m */ = {isa = PBXFileReference; fileEncoding = 4; lastKnownFileType = sourcecode.c.objc; path = SDImageCache.m; sourceTree = "<group>"; };
		481722931E6EB7B300184149 /* SDWebImageCompat.h */ = {isa = PBXFileReference; fileEncoding = 4; lastKnownFileType = sourcecode.c.h; path = SDWebImageCompat.h; sourceTree = "<group>"; };
		481722941E6EB7B300184149 /* SDWebImageCompat.m */ = {isa = PBXFileReference; fileEncoding = 4; lastKnownFileType = sourcecode.c.objc; path = SDWebImageCompat.m; sourceTree = "<group>"; };
		481722951E6EB7B300184149 /* SDWebImageDecoder.h */ = {isa = PBXFileReference; fileEncoding = 4; lastKnownFileType = sourcecode.c.h; path = SDWebImageDecoder.h; sourceTree = "<group>"; };
		481722961E6EB7B300184149 /* SDWebImageDecoder.m */ = {isa = PBXFileReference; fileEncoding = 4; lastKnownFileType = sourcecode.c.objc; path = SDWebImageDecoder.m; sourceTree = "<group>"; };
		481722971E6EB7B300184149 /* SDWebImageDownloader.h */ = {isa = PBXFileReference; fileEncoding = 4; lastKnownFileType = sourcecode.c.h; path = SDWebImageDownloader.h; sourceTree = "<group>"; };
		481722981E6EB7B300184149 /* SDWebImageDownloader.m */ = {isa = PBXFileReference; fileEncoding = 4; lastKnownFileType = sourcecode.c.objc; path = SDWebImageDownloader.m; sourceTree = "<group>"; };
		481722991E6EB7B300184149 /* SDWebImageDownloaderOperation.h */ = {isa = PBXFileReference; fileEncoding = 4; lastKnownFileType = sourcecode.c.h; path = SDWebImageDownloaderOperation.h; sourceTree = "<group>"; };
		4817229A1E6EB7B300184149 /* SDWebImageDownloaderOperation.m */ = {isa = PBXFileReference; fileEncoding = 4; lastKnownFileType = sourcecode.c.objc; path = SDWebImageDownloaderOperation.m; sourceTree = "<group>"; };
		4817229B1E6EB7B300184149 /* SDWebImageManager.h */ = {isa = PBXFileReference; fileEncoding = 4; lastKnownFileType = sourcecode.c.h; path = SDWebImageManager.h; sourceTree = "<group>"; };
		4817229C1E6EB7B300184149 /* SDWebImageManager.m */ = {isa = PBXFileReference; fileEncoding = 4; lastKnownFileType = sourcecode.c.objc; path = SDWebImageManager.m; sourceTree = "<group>"; };
		4817229D1E6EB7B300184149 /* SDWebImageOperation.h */ = {isa = PBXFileReference; fileEncoding = 4; lastKnownFileType = sourcecode.c.h; path = SDWebImageOperation.h; sourceTree = "<group>"; };
		4817229E1E6EB7B300184149 /* SDWebImagePrefetcher.h */ = {isa = PBXFileReference; fileEncoding = 4; lastKnownFileType = sourcecode.c.h; path = SDWebImagePrefetcher.h; sourceTree = "<group>"; };
		4817229F1E6EB7B300184149 /* SDWebImagePrefetcher.m */ = {isa = PBXFileReference; fileEncoding = 4; lastKnownFileType = sourcecode.c.objc; path = SDWebImagePrefetcher.m; sourceTree = "<group>"; };
		481722A01E6EB7B300184149 /* UIButton+WebCache.h */ = {isa = PBXFileReference; fileEncoding = 4; lastKnownFileType = sourcecode.c.h; path = "UIButton+WebCache.h"; sourceTree = "<group>"; };
		481722A11E6EB7B300184149 /* UIButton+WebCache.m */ = {isa = PBXFileReference; fileEncoding = 4; lastKnownFileType = sourcecode.c.objc; path = "UIButton+WebCache.m"; sourceTree = "<group>"; };
		481722A21E6EB7B300184149 /* UIImage+GIF.h */ = {isa = PBXFileReference; fileEncoding = 4; lastKnownFileType = sourcecode.c.h; path = "UIImage+GIF.h"; sourceTree = "<group>"; };
		481722A31E6EB7B300184149 /* UIImage+GIF.m */ = {isa = PBXFileReference; fileEncoding = 4; lastKnownFileType = sourcecode.c.objc; path = "UIImage+GIF.m"; sourceTree = "<group>"; };
		481722A41E6EB7B300184149 /* UIImage+MultiFormat.h */ = {isa = PBXFileReference; fileEncoding = 4; lastKnownFileType = sourcecode.c.h; path = "UIImage+MultiFormat.h"; sourceTree = "<group>"; };
		481722A51E6EB7B300184149 /* UIImage+MultiFormat.m */ = {isa = PBXFileReference; fileEncoding = 4; lastKnownFileType = sourcecode.c.objc; path = "UIImage+MultiFormat.m"; sourceTree = "<group>"; };
		481722A61E6EB7B300184149 /* UIImageView+HighlightedWebCache.h */ = {isa = PBXFileReference; fileEncoding = 4; lastKnownFileType = sourcecode.c.h; path = "UIImageView+HighlightedWebCache.h"; sourceTree = "<group>"; };
		481722A71E6EB7B300184149 /* UIImageView+HighlightedWebCache.m */ = {isa = PBXFileReference; fileEncoding = 4; lastKnownFileType = sourcecode.c.objc; path = "UIImageView+HighlightedWebCache.m"; sourceTree = "<group>"; };
		481722A81E6EB7B300184149 /* UIImageView+WebCache.h */ = {isa = PBXFileReference; fileEncoding = 4; lastKnownFileType = sourcecode.c.h; path = "UIImageView+WebCache.h"; sourceTree = "<group>"; };
		481722A91E6EB7B300184149 /* UIImageView+WebCache.m */ = {isa = PBXFileReference; fileEncoding = 4; lastKnownFileType = sourcecode.c.objc; path = "UIImageView+WebCache.m"; sourceTree = "<group>"; };
		481722AA1E6EB7B300184149 /* UIView+WebCacheOperation.h */ = {isa = PBXFileReference; fileEncoding = 4; lastKnownFileType = sourcecode.c.h; path = "UIView+WebCacheOperation.h"; sourceTree = "<group>"; };
		481722AB1E6EB7B300184149 /* UIView+WebCacheOperation.m */ = {isa = PBXFileReference; fileEncoding = 4; lastKnownFileType = sourcecode.c.objc; path = "UIView+WebCacheOperation.m"; sourceTree = "<group>"; };
/* End PBXFileReference section */

/* Begin PBXFrameworksBuildPhase section */
		4817226A1E6EADB400184149 /* Frameworks */ = {
			isa = PBXFrameworksBuildPhase;
			buildActionMask = 2147483647;
			files = (
			);
			runOnlyForDeploymentPostprocessing = 0;
		};
/* End PBXFrameworksBuildPhase section */

/* Begin PBXGroup section */
		481722641E6EADB400184149 = {
			isa = PBXGroup;
			children = (
				4817226F1E6EADB400184149 /* LYSLoadingImageView */,
				4817226E1E6EADB400184149 /* Products */,
			);
			sourceTree = "<group>";
		};
		4817226E1E6EADB400184149 /* Products */ = {
			isa = PBXGroup;
			children = (
				4817226D1E6EADB400184149 /* LYSLoadingImageView.app */,
			);
			name = Products;
			sourceTree = "<group>";
		};
		4817226F1E6EADB400184149 /* LYSLoadingImageView */ = {
			isa = PBXGroup;
			children = (
				4817228E1E6EB7B300184149 /* SDWebImage */,
				4817228A1E6EADC800184149 /* LYSLoadingImageView */,
				481722731E6EADB400184149 /* AppDelegate.h */,
				481722741E6EADB400184149 /* AppDelegate.m */,
				481722761E6EADB400184149 /* MasterViewController.h */,
				481722771E6EADB400184149 /* MasterViewController.m */,
				481722791E6EADB400184149 /* DetailViewController.h */,
				4817227A1E6EADB400184149 /* DetailViewController.m */,
				4817227C1E6EADB400184149 /* Main.storyboard */,
				4817227F1E6EADB400184149 /* Assets.xcassets */,
				481722811E6EADB400184149 /* LaunchScreen.storyboard */,
				481722841E6EADB400184149 /* Info.plist */,
				481722701E6EADB400184149 /* Supporting Files */,
			);
			path = LYSLoadingImageView;
			sourceTree = "<group>";
		};
		481722701E6EADB400184149 /* Supporting Files */ = {
			isa = PBXGroup;
			children = (
				481722711E6EADB400184149 /* main.m */,
			);
			name = "Supporting Files";
			sourceTree = "<group>";
		};
		4817228A1E6EADC800184149 /* LYSLoadingImageView */ = {
			isa = PBXGroup;
			children = (
				4817228B1E6EADDB00184149 /* LYSLoadingImageView.h */,
				4817228C1E6EADDB00184149 /* LYSLoadingImageView.m */,
			);
			path = LYSLoadingImageView;
			sourceTree = "<group>";
		};
		4817228E1E6EB7B300184149 /* SDWebImage */ = {
			isa = PBXGroup;
			children = (
				4817228F1E6EB7B300184149 /* NSData+ImageContentType.h */,
				481722901E6EB7B300184149 /* NSData+ImageContentType.m */,
				481722911E6EB7B300184149 /* SDImageCache.h */,
				481722921E6EB7B300184149 /* SDImageCache.m */,
				481722931E6EB7B300184149 /* SDWebImageCompat.h */,
				481722941E6EB7B300184149 /* SDWebImageCompat.m */,
				481722951E6EB7B300184149 /* SDWebImageDecoder.h */,
				481722961E6EB7B300184149 /* SDWebImageDecoder.m */,
				481722971E6EB7B300184149 /* SDWebImageDownloader.h */,
				481722981E6EB7B300184149 /* SDWebImageDownloader.m */,
				481722991E6EB7B300184149 /* SDWebImageDownloaderOperation.h */,
				4817229A1E6EB7B300184149 /* SDWebImageDownloaderOperation.m */,
				4817229B1E6EB7B300184149 /* SDWebImageManager.h */,
				4817229C1E6EB7B300184149 /* SDWebImageManager.m */,
				4817229D1E6EB7B300184149 /* SDWebImageOperation.h */,
				4817229E1E6EB7B300184149 /* SDWebImagePrefetcher.h */,
				4817229F1E6EB7B300184149 /* SDWebImagePrefetcher.m */,
				481722A01E6EB7B300184149 /* UIButton+WebCache.h */,
				481722A11E6EB7B300184149 /* UIButton+WebCache.m */,
				481722A21E6EB7B300184149 /* UIImage+GIF.h */,
				481722A31E6EB7B300184149 /* UIImage+GIF.m */,
				481722A41E6EB7B300184149 /* UIImage+MultiFormat.h */,
				481722A51E6EB7B300184149 /* UIImage+MultiFormat.m */,
				481722A61E6EB7B300184149 /* UIImageView+HighlightedWebCache.h */,
				481722A71E6EB7B300184149 /* UIImageView+HighlightedWebCache.m */,
				481722A81E6EB7B300184149 /* UIImageView+WebCache.h */,
				481722A91E6EB7B300184149 /* UIImageView+WebCache.m */,
				481722AA1E6EB7B300184149 /* UIView+WebCacheOperation.h */,
				481722AB1E6EB7B300184149 /* UIView+WebCacheOperation.m */,
			);
			path = SDWebImage;
			sourceTree = "<group>";
		};
/* End PBXGroup section */

/* Begin PBXNativeTarget section */
		4817226C1E6EADB400184149 /* LYSLoadingImageView */ = {
			isa = PBXNativeTarget;
			buildConfigurationList = 481722871E6EADB400184149 /* Build configuration list for PBXNativeTarget "LYSLoadingImageView" */;
			buildPhases = (
				481722691E6EADB400184149 /* Sources */,
				4817226A1E6EADB400184149 /* Frameworks */,
				4817226B1E6EADB400184149 /* Resources */,
			);
			buildRules = (
			);
			dependencies = (
			);
			name = LYSLoadingImageView;
			productName = LYSLoadingImageView;
			productReference = 4817226D1E6EADB400184149 /* LYSLoadingImageView.app */;
			productType = "com.apple.product-type.application";
		};
/* End PBXNativeTarget section */

/* Begin PBXProject section */
		481722651E6EADB400184149 /* Project object */ = {
			isa = PBXProject;
			attributes = {
				LastUpgradeCheck = 0730;
				ORGANIZATIONNAME = Goldcard;
				TargetAttributes = {
					4817226C1E6EADB400184149 = {
						CreatedOnToolsVersion = 7.3.1;
					};
				};
			};
			buildConfigurationList = 481722681E6EADB400184149 /* Build configuration list for PBXProject "LYSLoadingImageView" */;
			compatibilityVersion = "Xcode 3.2";
			developmentRegion = English;
			hasScannedForEncodings = 0;
			knownRegions = (
				en,
				Base,
			);
			mainGroup = 481722641E6EADB400184149;
			productRefGroup = 4817226E1E6EADB400184149 /* Products */;
			projectDirPath = "";
			projectRoot = "";
			targets = (
				4817226C1E6EADB400184149 /* LYSLoadingImageView */,
			);
		};
/* End PBXProject section */

/* Begin PBXResourcesBuildPhase section */
		4817226B1E6EADB400184149 /* Resources */ = {
			isa = PBXResourcesBuildPhase;
			buildActionMask = 2147483647;
			files = (
				481722831E6EADB400184149 /* LaunchScreen.storyboard in Resources */,
				481722801E6EADB400184149 /* Assets.xcassets in Resources */,
				4817227E1E6EADB400184149 /* Main.storyboard in Resources */,
			);
			runOnlyForDeploymentPostprocessing = 0;
		};
/* End PBXResourcesBuildPhase section */

/* Begin PBXSourcesBuildPhase section */
		481722691E6EADB400184149 /* Sources */ = {
			isa = PBXSourcesBuildPhase;
			buildActionMask = 2147483647;
			files = (
				481722B71E6EB7B300184149 /* UIImageView+HighlightedWebCache.m in Sources */,
				481722B61E6EB7B300184149 /* UIImage+MultiFormat.m in Sources */,
				481722B11E6EB7B300184149 /* SDWebImageDownloaderOperation.m in Sources */,
				481722751E6EADB400184149 /* AppDelegate.m in Sources */,
				481722AE1E6EB7B300184149 /* SDWebImageCompat.m in Sources */,
				481722B91E6EB7B300184149 /* UIView+WebCacheOperation.m in Sources */,
				481722B51E6EB7B300184149 /* UIImage+GIF.m in Sources */,
				481722B31E6EB7B300184149 /* SDWebImagePrefetcher.m in Sources */,
				4817228D1E6EADDB00184149 /* LYSLoadingImageView.m in Sources */,
				481722781E6EADB400184149 /* MasterViewController.m in Sources */,
				481722B01E6EB7B300184149 /* SDWebImageDownloader.m in Sources */,
				481722B41E6EB7B300184149 /* UIButton+WebCache.m in Sources */,
				481722721E6EADB400184149 /* main.m in Sources */,
				481722AC1E6EB7B300184149 /* NSData+ImageContentType.m in Sources */,
				4817227B1E6EADB400184149 /* DetailViewController.m in Sources */,
				481722B81E6EB7B300184149 /* UIImageView+WebCache.m in Sources */,
				481722B21E6EB7B300184149 /* SDWebImageManager.m in Sources */,
				481722AF1E6EB7B300184149 /* SDWebImageDecoder.m in Sources */,
				481722AD1E6EB7B300184149 /* SDImageCache.m in Sources */,
			);
			runOnlyForDeploymentPostprocessing = 0;
		};
/* End PBXSourcesBuildPhase section */

/* Begin PBXVariantGroup section */
		4817227C1E6EADB400184149 /* Main.storyboard */ = {
			isa = PBXVariantGroup;
			children = (
				4817227D1E6EADB400184149 /* Base */,
			);
			name = Main.storyboard;
			sourceTree = "<group>";
		};
		481722811E6EADB400184149 /* LaunchScreen.storyboard */ = {
			isa = PBXVariantGroup;
			children = (
				481722821E6EADB400184149 /* Base */,
			);
			name = LaunchScreen.storyboard;
			sourceTree = "<group>";
		};
/* End PBXVariantGroup section */

/* Begin XCBuildConfiguration section */
		481722851E6EADB400184149 /* Debug */ = {
			isa = XCBuildConfiguration;
			buildSettings = {
				ALWAYS_SEARCH_USER_PATHS = NO;
				CLANG_ANALYZER_NONNULL = YES;
				CLANG_CXX_LANGUAGE_STANDARD = "gnu++0x";
				CLANG_CXX_LIBRARY = "libc++";
				CLANG_ENABLE_MODULES = YES;
				CLANG_ENABLE_OBJC_ARC = YES;
				CLANG_WARN_BOOL_CONVERSION = YES;
				CLANG_WARN_CONSTANT_CONVERSION = YES;
				CLANG_WARN_DIRECT_OBJC_ISA_USAGE = YES_ERROR;
				CLANG_WARN_EMPTY_BODY = YES;
				CLANG_WARN_ENUM_CONVERSION = YES;
				CLANG_WARN_INT_CONVERSION = YES;
				CLANG_WARN_OBJC_ROOT_CLASS = YES_ERROR;
				CLANG_WARN_UNREACHABLE_CODE = YES;
				CLANG_WARN__DUPLICATE_METHOD_MATCH = YES;
				"CODE_SIGN_IDENTITY[sdk=iphoneos*]" = "iPhone Developer";
				COPY_PHASE_STRIP = NO;
				DEBUG_INFORMATION_FORMAT = dwarf;
				ENABLE_STRICT_OBJC_MSGSEND = YES;
				ENABLE_TESTABILITY = YES;
				GCC_C_LANGUAGE_STANDARD = gnu99;
				GCC_DYNAMIC_NO_PIC = NO;
				GCC_NO_COMMON_BLOCKS = YES;
				GCC_OPTIMIZATION_LEVEL = 0;
				GCC_PREPROCESSOR_DEFINITIONS = (
					"DEBUG=1",
					"$(inherited)",
				);
				GCC_WARN_64_TO_32_BIT_CONVERSION = YES;
				GCC_WARN_ABOUT_RETURN_TYPE = YES_ERROR;
				GCC_WARN_UNDECLARED_SELECTOR = YES;
				GCC_WARN_UNINITIALIZED_AUTOS = YES_AGGRESSIVE;
				GCC_WARN_UNUSED_FUNCTION = YES;
				GCC_WARN_UNUSED_VARIABLE = YES;
				IPHONEOS_DEPLOYMENT_TARGET = 9.3;
				MTL_ENABLE_DEBUG_INFO = YES;
				ONLY_ACTIVE_ARCH = YES;
				SDKROOT = iphoneos;
				TARGETED_DEVICE_FAMILY = "1,2";
			};
			name = Debug;
		};
		481722861E6EADB400184149 /* Release */ = {
			isa = XCBuildConfiguration;
			buildSettings = {
				ALWAYS_SEARCH_USER_PATHS = NO;
				CLANG_ANALYZER_NONNULL = YES;
				CLANG_CXX_LANGUAGE_STANDARD = "gnu++0x";
				CLANG_CXX_LIBRARY = "libc++";
				CLANG_ENABLE_MODULES = YES;
				CLANG_ENABLE_OBJC_ARC = YES;
				CLANG_WARN_BOOL_CONVERSION = YES;
				CLANG_WARN_CONSTANT_CONVERSION = YES;
				CLANG_WARN_DIRECT_OBJC_ISA_USAGE = YES_ERROR;
				CLANG_WARN_EMPTY_BODY = YES;
				CLANG_WARN_ENUM_CONVERSION = YES;
				CLANG_WARN_INT_CONVERSION = YES;
				CLANG_WARN_OBJC_ROOT_CLASS = YES_ERROR;
				CLANG_WARN_UNREACHABLE_CODE = YES;
				CLANG_WARN__DUPLICATE_METHOD_MATCH = YES;
				"CODE_SIGN_IDENTITY[sdk=iphoneos*]" = "iPhone Developer";
				COPY_PHASE_STRIP = NO;
				DEBUG_INFORMATION_FORMAT = "dwarf-with-dsym";
				ENABLE_NS_ASSERTIONS = NO;
				ENABLE_STRICT_OBJC_MSGSEND = YES;
				GCC_C_LANGUAGE_STANDARD = gnu99;
				GCC_NO_COMMON_BLOCKS = YES;
				GCC_WARN_64_TO_32_BIT_CONVERSION = YES;
				GCC_WARN_ABOUT_RETURN_TYPE = YES_ERROR;
				GCC_WARN_UNDECLARED_SELECTOR = YES;
				GCC_WARN_UNINITIALIZED_AUTOS = YES_AGGRESSIVE;
				GCC_WARN_UNUSED_FUNCTION = YES;
				GCC_WARN_UNUSED_VARIABLE = YES;
				IPHONEOS_DEPLOYMENT_TARGET = 9.3;
				MTL_ENABLE_DEBUG_INFO = NO;
				SDKROOT = iphoneos;
				TARGETED_DEVICE_FAMILY = "1,2";
				VALIDATE_PRODUCT = YES;
			};
			name = Release;
		};
		481722881E6EADB400184149 /* Debug */ = {
			isa = XCBuildConfiguration;
			buildSettings = {
				ASSETCATALOG_COMPILER_APPICON_NAME = AppIcon;
				INFOPLIST_FILE = LYSLoadingImageView/Info.plist;
				LD_RUNPATH_SEARCH_PATHS = "$(inherited) @executable_path/Frameworks";
				PRODUCT_BUNDLE_IDENTIFIER = com.lys.loadbutton.LYSLoadingImageView;
				PRODUCT_NAME = "$(TARGET_NAME)";
			};
			name = Debug;
		};
		481722891E6EADB400184149 /* Release */ = {
			isa = XCBuildConfiguration;
			buildSettings = {
				ASSETCATALOG_COMPILER_APPICON_NAME = AppIcon;
				INFOPLIST_FILE = LYSLoadingImageView/Info.plist;
				LD_RUNPATH_SEARCH_PATHS = "$(inherited) @executable_path/Frameworks";
				PRODUCT_BUNDLE_IDENTIFIER = com.lys.loadbutton.LYSLoadingImageView;
				PRODUCT_NAME = "$(TARGET_NAME)";
			};
			name = Release;
		};
/* End XCBuildConfiguration section */

/* Begin XCConfigurationList section */
		481722681E6EADB400184149 /* Build configuration list for PBXProject "LYSLoadingImageView" */ = {
			isa = XCConfigurationList;
			buildConfigurations = (
				481722851E6EADB400184149 /* Debug */,
				481722861E6EADB400184149 /* Release */,
			);
			defaultConfigurationIsVisible = 0;
			defaultConfigurationName = Release;
		};
		481722871E6EADB400184149 /* Build configuration list for PBXNativeTarget "LYSLoadingImageView" */ = {
			isa = XCConfigurationList;
			buildConfigurations = (
				481722881E6EADB400184149 /* Debug */,
				481722891E6EADB400184149 /* Release */,
			);
			defaultConfigurationIsVisible = 0;
		};
/* End XCConfigurationList section */
	};
	rootObject = 481722651E6EADB400184149 /* Project object */;
}
